
Microsoft Visual Studio Solution File, Format Version 11.00
# Visual Studio 2010
Project("{FAE04EC0-301F-11D3-BF4B-00C04F79EFBC}") = "ParallaxScrolling", "ParallaxScrolling\ParallaxScrolling\ParallaxScrolling.csproj", "{9A7C9F31-5AA4-4D6A-AB2F-1E45464F623D}"
EndProject
Project("{96E2B04D-8817-42C6-938A-82C39BA4D311}") = "ParallaxScrollingContent", "ParallaxScrolling\ParallaxScrollingContent\ParallaxScrollingContent.contentproj", "{C17D6C61-000A-4D46-9F13-D48985AAE895}"
EndProject
Global
	GlobalSection(SolutionConfigurationPlatforms) = preSolution
		Debug|x86 = Debug|x86
		Release|x86 = Release|x86
	EndGlobalSection
	GlobalSection(ProjectConfigurationPlatforms) = postSolution
		{9A7C9F31-5AA4-4D6A-AB2F-1E45464F623D}.Debug|x86.ActiveCfg = Debug|x86
		{9A7C9F31-5AA4-4D6A-AB2F-1E45464F623D}.Debug|x86.Build.0 = Debug|x86
		{9A7C9F31-5AA4-4D6A-AB2F-1E45464F623D}.Release|x86.ActiveCfg = Release|x86
		{9A7C9F31-5AA4-4D6A-AB2F-1E45464F623D}.Release|x86.Build.0 = Release|x86
		{C17D6C61-000A-4D46-9F13-D48985AAE895}.Debug|x86.ActiveCfg = Debug|x86
		{C17D6C61-000A-4D46-9F13-D48985AAE895}.Release|x86.ActiveCfg = Release|x86
	EndGlobalSection
	GlobalSection(SolutionProperties) = preSolution
		HideSolutionNode = FALSE
	EndGlobalSection
EndGlobal
